
Microsoft Visual Studio Solution File, Format Version 12.00
# Visual Studio Version 17
VisualStudioVersion = 17.5.33516.290
MinimumVisualStudioVersion = 10.0.40219.1
Project("{FAE04EC0-301F-11D3-BF4B-00C04F79EFBC}") = "Pudelko", "Pudelko\Pudelko.csproj", "{46D615BC-D4F9-474A-930F-75096C4B6BB0}"
EndProject
Project("{FAE04EC0-301F-11D3-BF4B-00C04F79EFBC}") = "PudelkoUnitTests", "PudelkoUnitTests\PudelkoUnitTests.csproj", "{BA5E4927-F666-4AC1-A187-6F505E658DF7}"
EndProject
Global
	GlobalSection(SolutionConfigurationPlatforms) = preSolution
		Debug|Any CPU = Debug|Any CPU
		Release|Any CPU = Release|Any CPU
	EndGlobalSection
	GlobalSection(ProjectConfigurationPlatforms) = postSolution
		{46D615BC-D4F9-474A-930F-75096C4B6BB0}.Debug|Any CPU.ActiveCfg = Debug|Any CPU
		{46D615BC-D4F9-474A-930F-75096C4B6BB0}.Debug|Any CPU.Build.0 = Debug|Any CPU
		{46D615BC-D4F9-474A-930F-75096C4B6BB0}.Release|Any CPU.ActiveCfg = Release|Any CPU
		{46D615BC-D4F9-474A-930F-75096C4B6BB0}.Release|Any CPU.Build.0 = Release|Any CPU
		{BA5E4927-F666-4AC1-A187-6F505E658DF7}.Debug|Any CPU.ActiveCfg = Debug|Any CPU
		{BA5E4927-F666-4AC1-A187-6F505E658DF7}.Debug|Any CPU.Build.0 = Debug|Any CPU
		{BA5E4927-F666-4AC1-A187-6F505E658DF7}.Release|Any CPU.ActiveCfg = Release|Any CPU
		{BA5E4927-F666-4AC1-A187-6F505E658DF7}.Release|Any CPU.Build.0 = Release|Any CPU
	EndGlobalSection
	GlobalSection(SolutionProperties) = preSolution
		HideSolutionNode = FALSE
	EndGlobalSection
	GlobalSection(ExtensibilityGlobals) = postSolution
		SolutionGuid = {0F1BE629-B7A4-4451-B0C3-A77EB3A62BC6}
	EndGlobalSection
EndGlobal
